
Microsoft Visual Studio Solution File, Format Version 12.00
# Visual Studio Version 17
VisualStudioVersion = 17.0.31903.59
MinimumVisualStudioVersion = 10.0.40219.1
Project("{FAE04EC0-301F-11D3-BF4B-00C04F79EFBC}") = "day 1", "day 1\day 1.csproj", "{C5E84C8F-47AB-4CAB-A1FF-BE162EC8E7A6}"
EndProject
Project("{FAE04EC0-301F-11D3-BF4B-00C04F79EFBC}") = "Day2", "Tree\Day2.csproj", "{52AD2C19-A03E-4571-A97B-748BA1572573}"
EndProject
Project("{FAE04EC0-301F-11D3-BF4B-00C04F79EFBC}") = "exercise", "exercise\exercise.csproj", "{D0CB4A85-7B52-4BEB-A1B9-C7B81DF7741D}"
EndProject
Project("{FAE04EC0-301F-11D3-BF4B-00C04F79EFBC}") = "Day3", "Day3\Day3.csproj", "{EDD5E8D9-9B34-487C-855C-9F06196ED3D6}"
EndProject
Project("{FAE04EC0-301F-11D3-BF4B-00C04F79EFBC}") = "Day4", "Day4\Day4.csproj", "{D3A0F257-6E54-40F4-B0B3-0F9ABC966129}"
EndProject
Project("{FAE04EC0-301F-11D3-BF4B-00C04F79EFBC}") = "exercise2", "exercise2\exercise2.csproj", "{D82E1D02-7CC5-4A74-953C-241BE51389E3}"
EndProject
Project("{FAE04EC0-301F-11D3-BF4B-00C04F79EFBC}") = "Day12", "Day12\Day12.csproj", "{0C8014B1-8BEA-4031-9710-080E80D1057D}"
EndProject
Project("{FAE04EC0-301F-11D3-BF4B-00C04F79EFBC}") = "Day13", "Day13\Day13.csproj", "{D0A46DCF-7840-4510-9B62-4D6585ADA3B5}"
EndProject
Global
	GlobalSection(SolutionConfigurationPlatforms) = preSolution
		Debug|Any CPU = Debug|Any CPU
		Release|Any CPU = Release|Any CPU
	EndGlobalSection
	GlobalSection(SolutionProperties) = preSolution
		HideSolutionNode = FALSE
	EndGlobalSection
	GlobalSection(ProjectConfigurationPlatforms) = postSolution
		{C5E84C8F-47AB-4CAB-A1FF-BE162EC8E7A6}.Debug|Any CPU.ActiveCfg = Debug|Any CPU
		{C5E84C8F-47AB-4CAB-A1FF-BE162EC8E7A6}.Debug|Any CPU.Build.0 = Debug|Any CPU
		{C5E84C8F-47AB-4CAB-A1FF-BE162EC8E7A6}.Release|Any CPU.ActiveCfg = Release|Any CPU
		{C5E84C8F-47AB-4CAB-A1FF-BE162EC8E7A6}.Release|Any CPU.Build.0 = Release|Any CPU
		{52AD2C19-A03E-4571-A97B-748BA1572573}.Debug|Any CPU.ActiveCfg = Debug|Any CPU
		{52AD2C19-A03E-4571-A97B-748BA1572573}.Debug|Any CPU.Build.0 = Debug|Any CPU
		{52AD2C19-A03E-4571-A97B-748BA1572573}.Release|Any CPU.ActiveCfg = Release|Any CPU
		{52AD2C19-A03E-4571-A97B-748BA1572573}.Release|Any CPU.Build.0 = Release|Any CPU
		{D0CB4A85-7B52-4BEB-A1B9-C7B81DF7741D}.Debug|Any CPU.ActiveCfg = Debug|Any CPU
		{D0CB4A85-7B52-4BEB-A1B9-C7B81DF7741D}.Debug|Any CPU.Build.0 = Debug|Any CPU
		{D0CB4A85-7B52-4BEB-A1B9-C7B81DF7741D}.Release|Any CPU.ActiveCfg = Release|Any CPU
		{D0CB4A85-7B52-4BEB-A1B9-C7B81DF7741D}.Release|Any CPU.Build.0 = Release|Any CPU
		{EDD5E8D9-9B34-487C-855C-9F06196ED3D6}.Debug|Any CPU.ActiveCfg = Debug|Any CPU
		{EDD5E8D9-9B34-487C-855C-9F06196ED3D6}.Debug|Any CPU.Build.0 = Debug|Any CPU
		{EDD5E8D9-9B34-487C-855C-9F06196ED3D6}.Release|Any CPU.ActiveCfg = Release|Any CPU
		{EDD5E8D9-9B34-487C-855C-9F06196ED3D6}.Release|Any CPU.Build.0 = Release|Any CPU
		{D3A0F257-6E54-40F4-B0B3-0F9ABC966129}.Debug|Any CPU.ActiveCfg = Debug|Any CPU
		{D3A0F257-6E54-40F4-B0B3-0F9ABC966129}.Debug|Any CPU.Build.0 = Debug|Any CPU
		{D3A0F257-6E54-40F4-B0B3-0F9ABC966129}.Release|Any CPU.ActiveCfg = Release|Any CPU
		{D3A0F257-6E54-40F4-B0B3-0F9ABC966129}.Release|Any CPU.Build.0 = Release|Any CPU
		{D82E1D02-7CC5-4A74-953C-241BE51389E3}.Debug|Any CPU.ActiveCfg = Debug|Any CPU
		{D82E1D02-7CC5-4A74-953C-241BE51389E3}.Debug|Any CPU.Build.0 = Debug|Any CPU
		{D82E1D02-7CC5-4A74-953C-241BE51389E3}.Release|Any CPU.ActiveCfg = Release|Any CPU
		{D82E1D02-7CC5-4A74-953C-241BE51389E3}.Release|Any CPU.Build.0 = Release|Any CPU
		{0C8014B1-8BEA-4031-9710-080E80D1057D}.Debug|Any CPU.ActiveCfg = Debug|Any CPU
		{0C8014B1-8BEA-4031-9710-080E80D1057D}.Debug|Any CPU.Build.0 = Debug|Any CPU
		{0C8014B1-8BEA-4031-9710-080E80D1057D}.Release|Any CPU.ActiveCfg = Release|Any CPU
		{0C8014B1-8BEA-4031-9710-080E80D1057D}.Release|Any CPU.Build.0 = Release|Any CPU
		{D0A46DCF-7840-4510-9B62-4D6585ADA3B5}.Debug|Any CPU.ActiveCfg = Debug|Any CPU
		{D0A46DCF-7840-4510-9B62-4D6585ADA3B5}.Debug|Any CPU.Build.0 = Debug|Any CPU
		{D0A46DCF-7840-4510-9B62-4D6585ADA3B5}.Release|Any CPU.ActiveCfg = Release|Any CPU
		{D0A46DCF-7840-4510-9B62-4D6585ADA3B5}.Release|Any CPU.Build.0 = Release|Any CPU
	EndGlobalSection
EndGlobal
