
Microsoft Visual Studio Solution File, Format Version 12.00
# Visual Studio Version 17
VisualStudioVersion = 17.0.31903.59
MinimumVisualStudioVersion = 10.0.40219.1
Project("{FAE04EC0-301F-11D3-BF4B-00C04F79EFBC}") = "Day01", "Day01\Day01.csproj", "{C5E84C8F-47AB-4CAB-A1FF-BE162EC8E7A6}"
EndProject
Project("{FAE04EC0-301F-11D3-BF4B-00C04F79EFBC}") = "Day02", "Day02\Day02.csproj", "{52AD2C19-A03E-4571-A97B-748BA1572573}"
EndProject
Project("{FAE04EC0-301F-11D3-BF4B-00C04F79EFBC}") = "exercise", "exercise\exercise.csproj", "{D0CB4A85-7B52-4BEB-A1B9-C7B81DF7741D}"
EndProject
Project("{FAE04EC0-301F-11D3-BF4B-00C04F79EFBC}") = "Day03", "Day03\Day03.csproj", "{EDD5E8D9-9B34-487C-855C-9F06196ED3D6}"
EndProject
Project("{FAE04EC0-301F-11D3-BF4B-00C04F79EFBC}") = "Day04", "Day04\Day04.csproj", "{D3A0F257-6E54-40F4-B0B3-0F9ABC966129}"
EndProject
Project("{FAE04EC0-301F-11D3-BF4B-00C04F79EFBC}") = "Day05", "Day05\Day05.csproj", "{D82E1D02-7CC5-4A74-953C-241BE51389E3}"
EndProject
Project("{FAE04EC0-301F-11D3-BF4B-00C04F79EFBC}") = "Day06", "Day06\Day06.csproj", "{0C8014B1-8BEA-4031-9710-080E80D1057D}"
EndProject
Project("{FAE04EC0-301F-11D3-BF4B-00C04F79EFBC}") = "Day07", "Day07\Day07.csproj", "{D0A46DCF-7840-4510-9B62-4D6585ADA3B5}"
EndProject
Project("{FAE04EC0-301F-11D3-BF4B-00C04F79EFBC}") = "Day08", "Day08\Day08.csproj", "{23E1EC16-C57E-4057-BD19-D4DEC2EC75B5}"
EndProject
Project("{FAE04EC0-301F-11D3-BF4B-00C04F79EFBC}") = "Day09", "Day09\Day09.csproj", "{96DDF76B-00F7-49A2-ACD9-1444D34C4B9E}"
EndProject
Project("{FAE04EC0-301F-11D3-BF4B-00C04F79EFBC}") = "Day10", "Day10\Day10.csproj", "{8F0D4519-E666-491B-B513-28076F47D715}"
EndProject
Project("{FAE04EC0-301F-11D3-BF4B-00C04F79EFBC}") = "Day11", "Day11\Day11.csproj", "{72F68678-81A9-4AD6-855E-07563C03A123}"
EndProject
Project("{FAE04EC0-301F-11D3-BF4B-00C04F79EFBC}") = "Day16", "Day16\Day16.csproj", "{6F851FF8-9ABF-4502-92CC-512C12568B00}"
EndProject
Project("{FAE04EC0-301F-11D3-BF4B-00C04F79EFBC}") = "Day17", "Day17\Day17.csproj", "{8765D8D7-93BA-4B2C-A447-49B7D5E588EA}"
EndProject
Project("{FAE04EC0-301F-11D3-BF4B-00C04F79EFBC}") = "Day18", "Day18\Day18.csproj", "{30691BD3-9C03-4052-9119-0E07B9B4255B}"
EndProject
Project("{FAE04EC0-301F-11D3-BF4B-00C04F79EFBC}") = "Day19", "Day19\Day19.csproj", "{27519615-5BBB-47A5-9382-101CCCFD1976}"
EndProject
Project("{FAE04EC0-301F-11D3-BF4B-00C04F79EFBC}") = "Day20", "Day20\Day20.csproj", "{A581D9FF-3DF0-4183-A6F1-C2325BADF9F2}"
EndProject
Global
	GlobalSection(SolutionConfigurationPlatforms) = preSolution
		Debug|Any CPU = Debug|Any CPU
		Release|Any CPU = Release|Any CPU
	EndGlobalSection
	GlobalSection(SolutionProperties) = preSolution
		HideSolutionNode = FALSE
	EndGlobalSection
	GlobalSection(ProjectConfigurationPlatforms) = postSolution
		{C5E84C8F-47AB-4CAB-A1FF-BE162EC8E7A6}.Debug|Any CPU.ActiveCfg = Debug|Any CPU
		{C5E84C8F-47AB-4CAB-A1FF-BE162EC8E7A6}.Debug|Any CPU.Build.0 = Debug|Any CPU
		{C5E84C8F-47AB-4CAB-A1FF-BE162EC8E7A6}.Release|Any CPU.ActiveCfg = Release|Any CPU
		{C5E84C8F-47AB-4CAB-A1FF-BE162EC8E7A6}.Release|Any CPU.Build.0 = Release|Any CPU
		{52AD2C19-A03E-4571-A97B-748BA1572573}.Debug|Any CPU.ActiveCfg = Debug|Any CPU
		{52AD2C19-A03E-4571-A97B-748BA1572573}.Debug|Any CPU.Build.0 = Debug|Any CPU
		{52AD2C19-A03E-4571-A97B-748BA1572573}.Release|Any CPU.ActiveCfg = Release|Any CPU
		{52AD2C19-A03E-4571-A97B-748BA1572573}.Release|Any CPU.Build.0 = Release|Any CPU
		{D0CB4A85-7B52-4BEB-A1B9-C7B81DF7741D}.Debug|Any CPU.ActiveCfg = Debug|Any CPU
		{D0CB4A85-7B52-4BEB-A1B9-C7B81DF7741D}.Debug|Any CPU.Build.0 = Debug|Any CPU
		{D0CB4A85-7B52-4BEB-A1B9-C7B81DF7741D}.Release|Any CPU.ActiveCfg = Release|Any CPU
		{D0CB4A85-7B52-4BEB-A1B9-C7B81DF7741D}.Release|Any CPU.Build.0 = Release|Any CPU
		{EDD5E8D9-9B34-487C-855C-9F06196ED3D6}.Debug|Any CPU.ActiveCfg = Debug|Any CPU
		{EDD5E8D9-9B34-487C-855C-9F06196ED3D6}.Debug|Any CPU.Build.0 = Debug|Any CPU
		{EDD5E8D9-9B34-487C-855C-9F06196ED3D6}.Release|Any CPU.ActiveCfg = Release|Any CPU
		{EDD5E8D9-9B34-487C-855C-9F06196ED3D6}.Release|Any CPU.Build.0 = Release|Any CPU
		{D3A0F257-6E54-40F4-B0B3-0F9ABC966129}.Debug|Any CPU.ActiveCfg = Debug|Any CPU
		{D3A0F257-6E54-40F4-B0B3-0F9ABC966129}.Debug|Any CPU.Build.0 = Debug|Any CPU
		{D3A0F257-6E54-40F4-B0B3-0F9ABC966129}.Release|Any CPU.ActiveCfg = Release|Any CPU
		{D3A0F257-6E54-40F4-B0B3-0F9ABC966129}.Release|Any CPU.Build.0 = Release|Any CPU
		{D82E1D02-7CC5-4A74-953C-241BE51389E3}.Debug|Any CPU.ActiveCfg = Debug|Any CPU
		{D82E1D02-7CC5-4A74-953C-241BE51389E3}.Debug|Any CPU.Build.0 = Debug|Any CPU
		{D82E1D02-7CC5-4A74-953C-241BE51389E3}.Release|Any CPU.ActiveCfg = Release|Any CPU
		{D82E1D02-7CC5-4A74-953C-241BE51389E3}.Release|Any CPU.Build.0 = Release|Any CPU
		{0C8014B1-8BEA-4031-9710-080E80D1057D}.Debug|Any CPU.ActiveCfg = Debug|Any CPU
		{0C8014B1-8BEA-4031-9710-080E80D1057D}.Debug|Any CPU.Build.0 = Debug|Any CPU
		{0C8014B1-8BEA-4031-9710-080E80D1057D}.Release|Any CPU.ActiveCfg = Release|Any CPU
		{0C8014B1-8BEA-4031-9710-080E80D1057D}.Release|Any CPU.Build.0 = Release|Any CPU
		{D0A46DCF-7840-4510-9B62-4D6585ADA3B5}.Debug|Any CPU.ActiveCfg = Debug|Any CPU
		{D0A46DCF-7840-4510-9B62-4D6585ADA3B5}.Debug|Any CPU.Build.0 = Debug|Any CPU
		{D0A46DCF-7840-4510-9B62-4D6585ADA3B5}.Release|Any CPU.ActiveCfg = Release|Any CPU
		{D0A46DCF-7840-4510-9B62-4D6585ADA3B5}.Release|Any CPU.Build.0 = Release|Any CPU
		{23E1EC16-C57E-4057-BD19-D4DEC2EC75B5}.Debug|Any CPU.ActiveCfg = Debug|Any CPU
		{23E1EC16-C57E-4057-BD19-D4DEC2EC75B5}.Debug|Any CPU.Build.0 = Debug|Any CPU
		{23E1EC16-C57E-4057-BD19-D4DEC2EC75B5}.Release|Any CPU.ActiveCfg = Release|Any CPU
		{23E1EC16-C57E-4057-BD19-D4DEC2EC75B5}.Release|Any CPU.Build.0 = Release|Any CPU
		{96DDF76B-00F7-49A2-ACD9-1444D34C4B9E}.Debug|Any CPU.ActiveCfg = Debug|Any CPU
		{96DDF76B-00F7-49A2-ACD9-1444D34C4B9E}.Debug|Any CPU.Build.0 = Debug|Any CPU
		{96DDF76B-00F7-49A2-ACD9-1444D34C4B9E}.Release|Any CPU.ActiveCfg = Release|Any CPU
		{96DDF76B-00F7-49A2-ACD9-1444D34C4B9E}.Release|Any CPU.Build.0 = Release|Any CPU
		{8F0D4519-E666-491B-B513-28076F47D715}.Debug|Any CPU.ActiveCfg = Debug|Any CPU
		{8F0D4519-E666-491B-B513-28076F47D715}.Debug|Any CPU.Build.0 = Debug|Any CPU
		{8F0D4519-E666-491B-B513-28076F47D715}.Release|Any CPU.ActiveCfg = Release|Any CPU
		{8F0D4519-E666-491B-B513-28076F47D715}.Release|Any CPU.Build.0 = Release|Any CPU
		{72F68678-81A9-4AD6-855E-07563C03A123}.Debug|Any CPU.ActiveCfg = Debug|Any CPU
		{72F68678-81A9-4AD6-855E-07563C03A123}.Debug|Any CPU.Build.0 = Debug|Any CPU
		{72F68678-81A9-4AD6-855E-07563C03A123}.Release|Any CPU.ActiveCfg = Release|Any CPU
		{72F68678-81A9-4AD6-855E-07563C03A123}.Release|Any CPU.Build.0 = Release|Any CPU
		{6F851FF8-9ABF-4502-92CC-512C12568B00}.Debug|Any CPU.ActiveCfg = Debug|Any CPU
		{6F851FF8-9ABF-4502-92CC-512C12568B00}.Debug|Any CPU.Build.0 = Debug|Any CPU
		{6F851FF8-9ABF-4502-92CC-512C12568B00}.Release|Any CPU.ActiveCfg = Release|Any CPU
		{6F851FF8-9ABF-4502-92CC-512C12568B00}.Release|Any CPU.Build.0 = Release|Any CPU
		{8765D8D7-93BA-4B2C-A447-49B7D5E588EA}.Debug|Any CPU.ActiveCfg = Debug|Any CPU
		{8765D8D7-93BA-4B2C-A447-49B7D5E588EA}.Debug|Any CPU.Build.0 = Debug|Any CPU
		{8765D8D7-93BA-4B2C-A447-49B7D5E588EA}.Release|Any CPU.ActiveCfg = Release|Any CPU
		{8765D8D7-93BA-4B2C-A447-49B7D5E588EA}.Release|Any CPU.Build.0 = Release|Any CPU
		{30691BD3-9C03-4052-9119-0E07B9B4255B}.Debug|Any CPU.ActiveCfg = Debug|Any CPU
		{30691BD3-9C03-4052-9119-0E07B9B4255B}.Debug|Any CPU.Build.0 = Debug|Any CPU
		{30691BD3-9C03-4052-9119-0E07B9B4255B}.Release|Any CPU.ActiveCfg = Release|Any CPU
		{30691BD3-9C03-4052-9119-0E07B9B4255B}.Release|Any CPU.Build.0 = Release|Any CPU
		{27519615-5BBB-47A5-9382-101CCCFD1976}.Debug|Any CPU.ActiveCfg = Debug|Any CPU
		{27519615-5BBB-47A5-9382-101CCCFD1976}.Debug|Any CPU.Build.0 = Debug|Any CPU
		{27519615-5BBB-47A5-9382-101CCCFD1976}.Release|Any CPU.ActiveCfg = Release|Any CPU
		{27519615-5BBB-47A5-9382-101CCCFD1976}.Release|Any CPU.Build.0 = Release|Any CPU
		{A581D9FF-3DF0-4183-A6F1-C2325BADF9F2}.Debug|Any CPU.ActiveCfg = Debug|Any CPU
		{A581D9FF-3DF0-4183-A6F1-C2325BADF9F2}.Debug|Any CPU.Build.0 = Debug|Any CPU
		{A581D9FF-3DF0-4183-A6F1-C2325BADF9F2}.Release|Any CPU.ActiveCfg = Release|Any CPU
		{A581D9FF-3DF0-4183-A6F1-C2325BADF9F2}.Release|Any CPU.Build.0 = Release|Any CPU
	EndGlobalSection
	GlobalSection(NestedProjects) = preSolution
		{6F851FF8-9ABF-4502-92CC-512C12568B00} = {72F68678-81A9-4AD6-855E-07563C03A123}
	EndGlobalSection
EndGlobal
