
Microsoft Visual Studio Solution File, Format Version 12.00
# Visual Studio Version 17
VisualStudioVersion = 17.0.31903.59
MinimumVisualStudioVersion = 10.0.40219.1
Project("{FAE04EC0-301F-11D3-BF4B-00C04F79EFBC}") = "day 1", "day 1\day 1.csproj", "{C5E84C8F-47AB-4CAB-A1FF-BE162EC8E7A6}"
EndProject
Project("{2150E333-8FDC-42A3-9474-1A3956D46DE8}") = "obj", "obj", "{07E55DEC-7710-4823-814F-8416C1081F01}"
EndProject
Global
	GlobalSection(SolutionConfigurationPlatforms) = preSolution
		Debug|Any CPU = Debug|Any CPU
		Release|Any CPU = Release|Any CPU
	EndGlobalSection
	GlobalSection(SolutionProperties) = preSolution
		HideSolutionNode = FALSE
	EndGlobalSection
	GlobalSection(ProjectConfigurationPlatforms) = postSolution
		{C5E84C8F-47AB-4CAB-A1FF-BE162EC8E7A6}.Debug|Any CPU.ActiveCfg = Debug|Any CPU
		{C5E84C8F-47AB-4CAB-A1FF-BE162EC8E7A6}.Debug|Any CPU.Build.0 = Debug|Any CPU
		{C5E84C8F-47AB-4CAB-A1FF-BE162EC8E7A6}.Release|Any CPU.ActiveCfg = Release|Any CPU
		{C5E84C8F-47AB-4CAB-A1FF-BE162EC8E7A6}.Release|Any CPU.Build.0 = Release|Any CPU
	EndGlobalSection
EndGlobal
